
Microsoft Visual Studio Solution File, Format Version 12.00
# Visual Studio 15
VisualStudioVersion = 15.0.28010.2026
MinimumVisualStudioVersion = 10.0.40219.1
Project("{E24C65DC-7377-472B-9ABA-BC803B73C61A}") = "ab-PointWithMouseClick", "ab-PointWithMouseClick\", "{0F756766-3C29-407E-A480-2F4C732A6A95}"
	ProjectSection(WebsiteProperties) = preProject
		TargetFrameworkMoniker = ".NETFramework,Version%3Dv4.6.1"
		Debug.AspNetCompiler.VirtualPath = "/localhost_41197"
		Debug.AspNetCompiler.PhysicalPath = "ab-PointWithMouseClick\"
		Debug.AspNetCompiler.TargetPath = "PrecompiledWeb\localhost_41197\"
		Debug.AspNetCompiler.Updateable = "true"
		Debug.AspNetCompiler.ForceOverwrite = "true"
		Debug.AspNetCompiler.FixedNames = "false"
		Debug.AspNetCompiler.Debug = "True"
		Release.AspNetCompiler.VirtualPath = "/localhost_41197"
		Release.AspNetCompiler.PhysicalPath = "ab-PointWithMouseClick\"
		Release.AspNetCompiler.TargetPath = "PrecompiledWeb\localhost_41197\"
		Release.AspNetCompiler.Updateable = "true"
		Release.AspNetCompiler.ForceOverwrite = "true"
		Release.AspNetCompiler.FixedNames = "false"
		Release.AspNetCompiler.Debug = "False"
		VWDPort = "41197"
		SlnRelativePath = "ab-PointWithMouseClick\"
		DefaultWebSiteLanguage = "Visual C#"
	EndProjectSection
EndProject
Global
	GlobalSection(SolutionConfigurationPlatforms) = preSolution
		Debug|Any CPU = Debug|Any CPU
	EndGlobalSection
	GlobalSection(ProjectConfigurationPlatforms) = postSolution
		{0F756766-3C29-407E-A480-2F4C732A6A95}.Debug|Any CPU.ActiveCfg = Debug|Any CPU
		{0F756766-3C29-407E-A480-2F4C732A6A95}.Debug|Any CPU.Build.0 = Debug|Any CPU
	EndGlobalSection
	GlobalSection(SolutionProperties) = preSolution
		HideSolutionNode = FALSE
	EndGlobalSection
	GlobalSection(ExtensibilityGlobals) = postSolution
		SolutionGuid = {498B0D6D-C9A9-42CC-80F0-C0437A550CAA}
	EndGlobalSection
EndGlobal
